<?xml version="1.0" encoding="utf-8"?>
<Project ToolsVersion="4.0" xmlns="http://schemas.microsoft.com/developer/msbuild/2003">
  <ItemGroup>
    <Filter Include="Source">
      <UniqueIdentifier>{4FC737F1-C7A5-4376-A066-2A32D752A2FF}</UniqueIdentifier>
      <Extensions>cpp;c;cc;cxx;c++;cppm;ixx;def;odl;idl;hpj;bat;asm;asmx</Extensions>
    </Filter>
  </ItemGroup>
  <ItemGroup>
    <ClCompile Include="Source.cpp">
      <Filter>Source</Filter>
    </ClCompile>
    <ClCompile Include="Render\imgui\imgui.cpp">
      <Filter>Source</Filter>
    </ClCompile>
    <ClCompile Include="Render\imgui\imgui_impl_dx11.cpp">
      <Filter>Source</Filter>
    </ClCompile>
    <ClCompile Include="Render\imgui\imgui_impl_win32.cpp">
      <Filter>Source</Filter>
    </ClCompile>
    <ClCompile Include="Render\imgui\imgui_tables.cpp">
      <Filter>Source</Filter>
    </ClCompile>
    <ClCompile Include="Render\imgui\imgui_widgets.cpp">
      <Filter>Source</Filter>
    </ClCompile>
    <ClCompile Include="Render\imgui\imgui_draw.cpp">
      <Filter>Source</Filter>
    </ClCompile>
  </ItemGroup>
  <ItemGroup>
    <ClInclude Include="Streams\CAimHandler.hpp" />
    <ClInclude Include="Streams\CGameHandler.hpp" />
    <ClInclude Include="Streams\CSM_Handlers.hpp" />
    <ClInclude Include="Streams\CVisualHandler.hpp" />
    <ClInclude Include="Streams\CWeaponHandler.hpp" />
    <ClInclude Include="Hook\HookLib\HookLib.h" />
    <ClInclude Include="Hook\vmthook.h" />
    <ClInclude Include="Render\font\CloudWorld.h" />
    <ClInclude Include="Render\font\IconsFontAwesome6.h" />
    <ClInclude Include="Render\font\Light.h" />
    <ClInclude Include="Render\imgui\imconfig.h" />
    <ClInclude Include="Render\imgui\imgui.h" />
    <ClInclude Include="Render\imgui\imgui_impl_dx11.h" />
    <ClInclude Include="Render\imgui\imgui_impl_win32.h" />
    <ClInclude Include="Render\imgui\imgui_internal.h" />
    <ClInclude Include="Render\imgui\imstb_rectpack.h" />
    <ClInclude Include="Render\imgui\imstb_textedit.h" />
    <ClInclude Include="Render\imgui\imstb_truetype.h" />
    <ClInclude Include="Render\imgui\stb_image.h" />
    <ClInclude Include="Render\Hooks.hpp" />
    <ClInclude Include="SDK\Math\Math.h" />
    <ClInclude Include="SDK\CActor.h" />
    <ClInclude Include="SDK\CActorAnimation.h" />
    <ClInclude Include="SDK\CActorInventory.h" />
    <ClInclude Include="SDK\CActorSystem.h" />
    <ClInclude Include="SDK\CCharacterInstance.h" />
    <ClInclude Include="SDK\CEntity.h" />
    <ClInclude Include="SDK\CEntityClass.h" />
    <ClInclude Include="SDK\CEntityIterator.h" />
    <ClInclude Include="SDK\CEntityProxy.h" />
    <ClInclude Include="SDK\CEntitySystem.h" />
    <ClInclude Include="SDK\CGame.h" />
    <ClInclude Include="SDK\CGameFramework.h" />
    <ClInclude Include="SDK\CGameObject.h" />
    <ClInclude Include="SDK\CGameRoom.h" />
    <ClInclude Include="SDK\CGameRules.h" />
    <ClInclude Include="SDK\CInventory.h" />
    <ClInclude Include="SDK\CItemProxy.h" />
    <ClInclude Include="SDK\CMovementController.h" />
    <ClInclude Include="SDK\CNetChannel.h" />
    <ClInclude Include="SDK\COnlineAccount.h" />
    <ClInclude Include="SDK\COnlineProfile.h" />
    <ClInclude Include="SDK\CPhysicalWorld.h" />
    <ClInclude Include="SDK\CRenderer.h" />
    <ClInclude Include="SDK\CSkeletonPose.h" />
    <ClInclude Include="SDK\CSpecialMovesRegistry.h" />
    <ClInclude Include="SDK\CSystem.h" />
    <ClInclude Include="SDK\CWeapon.h" />
    <ClInclude Include="SDK\CWeaponGeneral.h" />
    <ClInclude Include="SDK\CWeaponNetwork.h" />
    <ClInclude Include="SDK\CWeaponParameters.h" />
    <ClInclude Include="SDK\CWeaponSettings.h" />
    <ClInclude Include="SDK\CWorldQuery.h" />
    <ClInclude Include="SDK\IRMIMessageBody.h" />
    <ClInclude Include="SDK\PTBGameRules.h" />
    <ClInclude Include="SDK\SGameClientHitInfo.h" />
    <ClInclude Include="SDK\SM_Network.h" />
    <ClInclude Include="SDK\SSystemGlobalEnvironment.h" />
    <ClInclude Include="Streams\CGeneralStream.hpp" />
    <ClInclude Include="Offsets\Offsets.hpp" />
    <ClInclude Include="Header\Header.hpp" />
    <ClInclude Include="Functions\Caller.hpp" />
    <ClInclude Include="Settings\Sakura.hpp" />
    <ClInclude Include="Render\Imgui.hpp" />
    <ClInclude Include="Render\Menu.hpp" />
    <ClInclude Include="Render\font\FA6PRO.h" />
    <ClInclude Include="Render\font\Regular.h" />
    <ClInclude Include="Render\stb_image.h" />
    <ClInclude Include="Functions\Extractor.hpp" />
    <ClInclude Include="Render\font\Icons.h" />
    <ClInclude Include="Render\images\logo.h" />
    <ClInclude Include="Render\images\logotype.h" />
  </ItemGroup>
  <ItemGroup>
    <Library Include="Hook\HookLib\HookLib.lib" />
    <Library Include="Hook\HookLib\Zydis.lib" />
  </ItemGroup>
</Project>